{
  "version": 4,
  "terraform_version": "1.4.6",
  "serial": 8,
  "lineage": "80024e63-b0b8-1f23-ce64-ed76bc397562",
  "outputs": {},
  "resources": [
    {
      "mode": "managed",
      "type": "azurerm_app_service_custom_hostname_binding",
      "name": "res-11",
      "provider": "provider[\"registry.terraform.io/hashicorp/azurerm\"]",
      "instances": [
        {
          "schema_version": 0,
          "attributes": {
            "app_service_name": "web-app-chat-1",
            "hostname": "web-app-chat-1.azurewebsites.net",
            "id": "/subscriptions/<my-subscription-id>/resourceGroups/rg-openai2/providers/Microsoft.Web/sites/web-app-chat-1/hostNameBindings/web-app-chat-1.azurewebsites.net",
            "resource_group_name": "rg-openai2",
            "ssl_state": "",
            "thumbprint": "",
            "timeouts": null,
            "virtual_ip": ""
          },
          "sensitive_attributes": [],
          "private": "eyJlMmJmYjczMC1lY2FhLTExZTYtOGY4OC0zNDM2M2JjN2M0YzAiOnsiY3JlYXRlIjoxODAwMDAwMDAwMDAwLCJkZWxldGUiOjE4MDAwMDAwMDAwMDAsInJlYWQiOjMwMDAwMDAwMDAwMCwidXBkYXRlIjoxODAwMDAwMDAwMDAwfSwic2NoZW1hX3ZlcnNpb24iOiIwIn0="
        }
      ]
    },
    {
      "mode": "managed",
      "type": "azurerm_cognitive_account",
      "name": "res-1",
      "provider": "provider[\"registry.terraform.io/hashicorp/azurerm\"]",
      "instances": [
        {
          "schema_version": 0,
          "attributes": {
            "custom_question_answering_search_service_id": null,
            "custom_question_answering_search_service_key": null,
            "custom_subdomain_name": "oai-ravinote-3",
            "customer_managed_key": [],
            "dynamic_throttling_enabled": false,
            "endpoint": "https://oai-ravinote-3.openai.azure.com/",
            "fqdns": [],
            "id": "/subscriptions/<my-subscription-id>/resourceGroups/rg-openai2/providers/Microsoft.CognitiveServices/accounts/oai-ravinote-3",
            "identity": [],
            "kind": "OpenAI",
            "local_auth_enabled": true,
            "location": "eastus",
            "metrics_advisor_aad_client_id": null,
            "metrics_advisor_aad_tenant_id": null,
            "metrics_advisor_super_user_name": null,
            "metrics_advisor_website_name": null,
            "name": "oai-ravinote-3",
            "network_acls": [
              {
                "default_action": "Allow",
                "ip_rules": [],
                "virtual_network_rules": []
              }
            ],
            "outbound_network_access_restricted": false,
            "primary_access_key": "<my-primary-access-key>",
            "public_network_access_enabled": true,
            "qna_runtime_endpoint": null,
            "resource_group_name": "rg-openai2",
            "secondary_access_key": "<my-secondary-access-key>",
            "sku_name": "S0",
            "storage": [],
            "tags": {},
            "timeouts": null
          },
          "sensitive_attributes": [],
          "private": "eyJlMmJmYjczMC1lY2FhLTExZTYtOGY4OC0zNDM2M2JjN2M0YzAiOnsiY3JlYXRlIjoxODAwMDAwMDAwMDAwLCJkZWxldGUiOjE4MDAwMDAwMDAwMDAsInJlYWQiOjMwMDAwMDAwMDAwMCwidXBkYXRlIjoxODAwMDAwMDAwMDAwfSwic2NoZW1hX3ZlcnNpb24iOiIwIn0="
        }
      ]
    },
    {
      "mode": "managed",
      "type": "azurerm_cognitive_deployment",
      "name": "res-2",
      "provider": "provider[\"registry.terraform.io/hashicorp/azurerm\"]",
      "instances": [
        {
          "schema_version": 0,
          "attributes": {
            "cognitive_account_id": "/subscriptions/<my-subscription-id>/resourceGroups/rg-openai2/providers/Microsoft.CognitiveServices/accounts/oai-ravinote-3",
            "id": "/subscriptions/<my-subscription-id>/resourceGroups/rg-openai2/providers/Microsoft.CognitiveServices/accounts/oai-ravinote-3/deployments/key-ravinote-3",
            "model": [
              {
                "format": "OpenAI",
                "name": "gpt-35-turbo",
                "version": "0613"
              }
            ],
            "name": "key-ravinote-3",
            "rai_policy_name": "Microsoft.Default",
            "scale": [
              {
                "type": "Standard"
              }
            ],
            "timeouts": null
          },
          "sensitive_attributes": [],
          "private": "eyJlMmJmYjczMC1lY2FhLTExZTYtOGY4OC0zNDM2M2JjN2M0YzAiOnsiY3JlYXRlIjoxODAwMDAwMDAwMDAwLCJkZWxldGUiOjE4MDAwMDAwMDAwMDAsInJlYWQiOjMwMDAwMDAwMDAwMH0sInNjaGVtYV92ZXJzaW9uIjoiMCJ9"
        }
      ]
    },
    {
      "mode": "managed",
      "type": "azurerm_cognitive_deployment",
      "name": "res-3",
      "provider": "provider[\"registry.terraform.io/hashicorp/azurerm\"]",
      "instances": [
        {
          "schema_version": 0,
          "attributes": {
            "cognitive_account_id": "/subscriptions/<my-subscription-id>/resourceGroups/rg-openai2/providers/Microsoft.CognitiveServices/accounts/oai-ravinote-3",
            "id": "/subscriptions/<my-subscription-id>/resourceGroups/rg-openai2/providers/Microsoft.CognitiveServices/accounts/oai-ravinote-3/deployments/vec-ravinote-3",
            "model": [
              {
                "format": "OpenAI",
                "name": "text-embedding-ada-002",
                "version": "1"
              }
            ],
            "name": "vec-ravinote-3",
            "rai_policy_name": "Microsoft.Default",
            "scale": [
              {
                "type": "Standard"
              }
            ],
            "timeouts": null
          },
          "sensitive_attributes": [],
          "private": "eyJlMmJmYjczMC1lY2FhLTExZTYtOGY4OC0zNDM2M2JjN2M0YzAiOnsiY3JlYXRlIjoxODAwMDAwMDAwMDAwLCJkZWxldGUiOjE4MDAwMDAwMDAwMDAsInJlYWQiOjMwMDAwMDAwMDAwMH0sInNjaGVtYV92ZXJzaW9uIjoiMCJ9"
        }
      ]
    },
    {
      "mode": "managed",
      "type": "azurerm_linux_web_app",
      "name": "res-6",
      "provider": "provider[\"registry.terraform.io/hashicorp/azurerm\"]",
      "instances": [
        {
          "schema_version": 0,
          "attributes": {
            "app_settings": {
              "AUTH_CLIENT_SECRET": "<my-auth-secret>",
              "AZURE_COSMOSDB_ACCOUNT": "",
              "AZURE_COSMOSDB_CONVERSATIONS_CONTAINER": "conversations",
              "AZURE_COSMOSDB_DATABASE": "db_conversation_history",
              "AZURE_COSMOSDB_MONGO_VCORE_CONNECTION_STRING": "",
              "AZURE_COSMOSDB_MONGO_VCORE_CONTAINER": "",
              "AZURE_COSMOSDB_MONGO_VCORE_CONTENT_COLUMNS": "",
              "AZURE_COSMOSDB_MONGO_VCORE_DATABASE": "",
              "AZURE_COSMOSDB_MONGO_VCORE_FILENAME_COLUMN": "",
              "AZURE_COSMOSDB_MONGO_VCORE_INDEX": "",
              "AZURE_COSMOSDB_MONGO_VCORE_TITLE_COLUMN": "",
              "AZURE_COSMOSDB_MONGO_VCORE_URL_COLUMN": "",
              "AZURE_COSMOSDB_MONGO_VCORE_VECTOR_COLUMNS": "",
              "AZURE_OPENAI_EMBEDDING_NAME": "",
              "AZURE_OPENAI_ENDPOINT": "https://oai-ravinote-3.openai.azure.com/",
              "AZURE_OPENAI_KEY": "<my-azure-openai-key>",
              "AZURE_OPENAI_MAX_TOKENS": "800",
              "AZURE_OPENAI_MODEL": "key-ravinote-3",
              "AZURE_OPENAI_MODEL_NAME": "gpt-35-turbo",
              "AZURE_OPENAI_RESOURCE": "oai-ravinote-3",
              "AZURE_OPENAI_STOP_SEQUENCE": "",
              "AZURE_OPENAI_SYSTEM_MESSAGE": "You are an AI assistant that helps people find information.",
              "AZURE_OPENAI_TEMPERATURE": "0.7",
              "AZURE_OPENAI_TOP_P": "0.95",
              "AZURE_SEARCH_CONTENT_COLUMNS": "",
              "AZURE_SEARCH_ENABLE_IN_DOMAIN": "True",
              "AZURE_SEARCH_FILENAME_COLUMN": "",
              "AZURE_SEARCH_INDEX": "",
              "AZURE_SEARCH_KEY": "",
              "AZURE_SEARCH_PERMITTED_GROUPS_COLUMN": "",
              "AZURE_SEARCH_QUERY_TYPE": "",
              "AZURE_SEARCH_SEMANTIC_SEARCH_CONFIG": "",
              "AZURE_SEARCH_SERVICE": "",
              "AZURE_SEARCH_STRICTNESS": "3",
              "AZURE_SEARCH_TITLE_COLUMN": "",
              "AZURE_SEARCH_TOP_K": "5",
              "AZURE_SEARCH_URL_COLUMN": "",
              "AZURE_SEARCH_USE_SEMANTIC_SEARCH": "False",
              "AZURE_SEARCH_VECTOR_COLUMNS": "",
              "DATASOURCE_TYPE": "AzureCognitiveSearch",
              "ELASTICSEARCH_CONTENT_COLUMNS": "",
              "ELASTICSEARCH_EMBEDDING_MODEL_ID": "",
              "ELASTICSEARCH_ENABLE_IN_DOMAIN": "True",
              "ELASTICSEARCH_ENCODED_API_KEY": "",
              "ELASTICSEARCH_ENDPOINT": "",
              "ELASTICSEARCH_FILENAME_COLUMN": "",
              "ELASTICSEARCH_INDEX": "",
              "ELASTICSEARCH_QUERY_TYPE": "",
              "ELASTICSEARCH_STRICTNESS": "3",
              "ELASTICSEARCH_TITLE_COLUMN": "",
              "ELASTICSEARCH_TOP_K": "5",
              "ELASTICSEARCH_URL_COLUMN": "",
              "ELASTICSEARCH_VECTOR_COLUMNS": "",
              "SCM_DO_BUILD_DURING_DEPLOYMENT": "true"
            },
            "auth_settings": [],
            "auth_settings_v2": [
              {
                "active_directory_v2": [
                  {
                    "allowed_applications": [],
                    "allowed_audiences": [],
                    "allowed_groups": [],
                    "allowed_identities": [],
                    "client_id": "24c343d7-9219-497e-8ae6-8e3db49e3771",
                    "client_secret_certificate_thumbprint": "",
                    "client_secret_setting_name": "AUTH_CLIENT_SECRET",
                    "jwt_allowed_client_applications": [],
                    "jwt_allowed_groups": [],
                    "login_parameters": {
                      "response_type": "code id_token",
                      "scope": "openid offline_access profile https://graph.microsoft.com/User.Read https://graph.microsoft.com/User.ReadBasic.All"
                    },
                    "tenant_auth_endpoint": "https://login.microsoftonline.com/1f4c33e1-e960-43bf-a135-6db8b82b6885/v2.0",
                    "www_authentication_disabled": false
                  }
                ],
                "apple_v2": [
                  {
                    "client_id": "",
                    "client_secret_setting_name": "",
                    "login_scopes": []
                  }
                ],
                "auth_enabled": true,
                "azure_static_web_app_v2": [],
                "config_file_path": "",
                "custom_oidc_v2": [],
                "default_provider": "azureactivedirectory",
                "excluded_paths": [],
                "facebook_v2": [
                  {
                    "app_id": "",
                    "app_secret_setting_name": "",
                    "graph_api_version": "",
                    "login_scopes": []
                  }
                ],
                "forward_proxy_convention": "NoProxy",
                "forward_proxy_custom_host_header_name": "",
                "forward_proxy_custom_scheme_header_name": "",
                "github_v2": [
                  {
                    "client_id": "",
                    "client_secret_setting_name": "",
                    "login_scopes": []
                  }
                ],
                "google_v2": [
                  {
                    "allowed_audiences": [],
                    "client_id": "",
                    "client_secret_setting_name": "",
                    "login_scopes": []
                  }
                ],
                "http_route_api_prefix": "/.auth",
                "login": [
                  {
                    "allowed_external_redirect_urls": [],
                    "cookie_expiration_convention": "FixedTime",
                    "cookie_expiration_time": "08:00:00",
                    "logout_endpoint": "",
                    "nonce_expiration_time": "00:05:00",
                    "preserve_url_fragments_for_logins": false,
                    "token_refresh_extension_time": 72,
                    "token_store_enabled": true,
                    "token_store_path": "",
                    "token_store_sas_setting_name": "",
                    "validate_nonce": true
                  }
                ],
                "microsoft_v2": [
                  {
                    "allowed_audiences": [],
                    "client_id": "",
                    "client_secret_setting_name": "",
                    "login_scopes": []
                  }
                ],
                "require_authentication": true,
                "require_https": true,
                "runtime_version": "~1",
                "twitter_v2": [
                  {
                    "consumer_key": "",
                    "consumer_secret_setting_name": ""
                  }
                ],
                "unauthenticated_action": "RedirectToLoginPage"
              }
            ],
            "backup": [],
            "client_affinity_enabled": true,
            "client_certificate_enabled": false,
            "client_certificate_exclusion_paths": "",
            "client_certificate_mode": "Required",
            "connection_string": [],
            "custom_domain_verification_id": "72B43E907A7AD34431EA6C46254DF923B12001552469A7859010E77B66E1992F",
            "default_hostname": "web-app-chat-1.azurewebsites.net",
            "enabled": true,
            "hosting_environment_id": "",
            "https_only": true,
            "id": "/subscriptions/<my-subscription-id>/resourceGroups/rg-openai2/providers/Microsoft.Web/sites/web-app-chat-1",
            "identity": [
              {
                "identity_ids": [],
                "principal_id": "26ac7525-69dd-4fb6-85f6-2f9c7798c5b8",
                "tenant_id": "1f4c33e1-e960-43bf-a135-6db8b82b6885",
                "type": "SystemAssigned"
              }
            ],
            "key_vault_reference_identity_id": "SystemAssigned",
            "kind": "app,linux",
            "location": "eastus",
            "logs": [],
            "name": "web-app-chat-1",
            "outbound_ip_address_list": [
              "52.188.40.144",
              "52.188.42.24",
              "52.188.46.173",
              "52.188.47.47",
              "52.188.47.123",
              "52.188.47.194",
              "20.49.104.17"
            ],
            "outbound_ip_addresses": "52.188.40.144,52.188.42.24,52.188.46.173,52.188.47.47,52.188.47.123,52.188.47.194,20.49.104.17",
            "possible_outbound_ip_address_list": [
              "52.188.40.144",
              "52.188.42.24",
              "52.188.46.173",
              "52.188.47.47",
              "52.188.47.123",
              "52.188.47.194",
              "20.185.10.41",
              "20.185.15.124",
              "52.142.20.123",
              "52.142.22.161",
              "52.142.23.118",
              "52.147.210.205",
              "52.147.211.152",
              "52.147.214.21",
              "52.149.201.179",
              "52.149.205.26",
              "52.150.48.83",
              "52.150.51.164",
              "20.84.18.66",
              "20.84.19.141",
              "20.84.19.240",
              "20.84.19.245",
              "20.84.20.175",
              "20.84.20.181",
              "20.49.104.17"
            ],
            "possible_outbound_ip_addresses": "52.188.40.144,52.188.42.24,52.188.46.173,52.188.47.47,52.188.47.123,52.188.47.194,20.185.10.41,20.185.15.124,52.142.20.123,52.142.22.161,52.142.23.118,52.147.210.205,52.147.211.152,52.147.214.21,52.149.201.179,52.149.205.26,52.150.48.83,52.150.51.164,20.84.18.66,20.84.19.141,20.84.19.240,20.84.19.245,20.84.20.175,20.84.20.181,20.49.104.17",
            "resource_group_name": "rg-openai2",
            "service_plan_id": "/subscriptions/<my-subscription-id>/resourceGroups/rg-openai2/providers/Microsoft.Web/serverfarms/asp-web-app-chat-1",
            "site_config": [
              {
                "always_on": true,
                "api_definition_url": "",
                "api_management_api_id": "",
                "app_command_line": "",
                "application_stack": [
                  {
                    "docker_image": "",
                    "docker_image_tag": "",
                    "dotnet_version": "",
                    "go_version": "",
                    "java_server": "",
                    "java_server_version": "",
                    "java_version": "",
                    "node_version": "",
                    "php_version": "",
                    "python_version": "3.11",
                    "ruby_version": ""
                  }
                ],
                "auto_heal_enabled": false,
                "auto_heal_setting": [],
                "container_registry_managed_identity_client_id": "",
                "container_registry_use_managed_identity": false,
                "cors": [
                  {
                    "allowed_origins": [
                      "*"
                    ],
                    "support_credentials": false
                  }
                ],
                "default_documents": [
                  "Default.htm",
                  "Default.html",
                  "Default.asp",
                  "index.htm",
                  "index.html",
                  "iisstart.htm",
                  "default.aspx",
                  "index.php",
                  "hostingstart.html"
                ],
                "detailed_error_logging_enabled": false,
                "ftps_state": "FtpsOnly",
                "health_check_eviction_time_in_min": 0,
                "health_check_path": "",
                "http2_enabled": false,
                "ip_restriction": [],
                "linux_fx_version": "PYTHON|3.11",
                "load_balancing_mode": "LeastRequests",
                "local_mysql_enabled": false,
                "managed_pipeline_mode": "Integrated",
                "minimum_tls_version": "1.2",
                "remote_debugging_enabled": false,
                "remote_debugging_version": "",
                "scm_ip_restriction": [],
                "scm_minimum_tls_version": "1.2",
                "scm_type": "ExternalGit",
                "scm_use_main_ip_restriction": false,
                "use_32_bit_worker": true,
                "vnet_route_all_enabled": false,
                "websockets_enabled": false,
                "worker_count": 1
              }
            ],
            "site_credential": [
              {
                "name": "$web-app-chat-1",
                "password": "MKjpf9xbGkwXuCq5xiX93QyCmipFmnGtt4o5Hic0mHfAq1xKdzSmNdpkRdcC"
              }
            ],
            "sticky_settings": [],
            "storage_account": [],
            "tags": {
              "ProjectType": "aoai-your-data-service"
            },
            "timeouts": null,
            "virtual_network_subnet_id": "",
            "zip_deploy_file": ""
          },
          "sensitive_attributes": [],
          "private": "eyJlMmJmYjczMC1lY2FhLTExZTYtOGY4OC0zNDM2M2JjN2M0YzAiOnsiY3JlYXRlIjoxODAwMDAwMDAwMDAwLCJkZWxldGUiOjE4MDAwMDAwMDAwMDAsInJlYWQiOjMwMDAwMDAwMDAwMCwidXBkYXRlIjoxODAwMDAwMDAwMDAwfSwic2NoZW1hX3ZlcnNpb24iOiIwIn0="
        }
      ]
    },
    {
      "mode": "managed",
      "type": "azurerm_resource_group",
      "name": "res-0",
      "provider": "provider[\"registry.terraform.io/hashicorp/azurerm\"]",
      "instances": [
        {
          "schema_version": 0,
          "attributes": {
            "id": "/subscriptions/<my-subscription-id>/resourceGroups/rg-openai2",
            "location": "eastus",
            "name": "rg-openai2",
            "tags": {},
            "timeouts": null
          },
          "sensitive_attributes": [],
          "private": "eyJlMmJmYjczMC1lY2FhLTExZTYtOGY4OC0zNDM2M2JjN2M0YzAiOnsiY3JlYXRlIjo1NDAwMDAwMDAwMDAwLCJkZWxldGUiOjU0MDAwMDAwMDAwMDAsInJlYWQiOjMwMDAwMDAwMDAwMCwidXBkYXRlIjo1NDAwMDAwMDAwMDAwfSwic2NoZW1hX3ZlcnNpb24iOiIwIn0="
        }
      ]
    },
    {
      "mode": "managed",
      "type": "azurerm_search_service",
      "name": "res-4",
      "provider": "provider[\"registry.terraform.io/hashicorp/azurerm\"]",
      "instances": [
        {
          "schema_version": 0,
          "attributes": {
            "allowed_ips": [],
            "authentication_failure_mode": "",
            "customer_managed_key_enforcement_enabled": false,
            "hosting_mode": "default",
            "id": "/subscriptions/<my-subscription-id>/resourceGroups/rg-openai2/providers/Microsoft.Search/searchServices/sea-ravinote-3",
            "identity": [],
            "local_authentication_enabled": true,
            "location": "eastus",
            "name": "sea-ravinote-3",
            "partition_count": 1,
            "primary_key": "<my-primary-key>",
            "public_network_access_enabled": true,
            "query_keys": [
              {
                "key": "<my-query-key>",
                "name": ""
              }
            ],
            "replica_count": 1,
            "resource_group_name": "rg-openai2",
            "secondary_key": "<my-secondary-key>",
            "sku": "standard",
            "tags": {},
            "timeouts": null
          },
          "sensitive_attributes": [],
          "private": "eyJlMmJmYjczMC1lY2FhLTExZTYtOGY4OC0zNDM2M2JjN2M0YzAiOnsiY3JlYXRlIjozNjAwMDAwMDAwMDAwLCJkZWxldGUiOjM2MDAwMDAwMDAwMDAsInJlYWQiOjMwMDAwMDAwMDAwMCwidXBkYXRlIjozNjAwMDAwMDAwMDAwfSwic2NoZW1hX3ZlcnNpb24iOiIwIn0="
        }
      ]
    },
    {
      "mode": "managed",
      "type": "azurerm_service_plan",
      "name": "res-5",
      "provider": "provider[\"registry.terraform.io/hashicorp/azurerm\"]",
      "instances": [
        {
          "schema_version": 0,
          "attributes": {
            "app_service_environment_id": "",
            "id": "/subscriptions/<my-subscription-id>/resourceGroups/rg-openai2/providers/Microsoft.Web/serverfarms/asp-web-app-chat-1",
            "kind": "linux",
            "location": "eastus",
            "maximum_elastic_worker_count": 1,
            "name": "asp-web-app-chat-1",
            "os_type": "Linux",
            "per_site_scaling_enabled": false,
            "reserved": true,
            "resource_group_name": "rg-openai2",
            "sku_name": "S1",
            "tags": {
              "ProjectType": "aoai-your-data-service"
            },
            "timeouts": null,
            "worker_count": 1,
            "zone_balancing_enabled": false
          },
          "sensitive_attributes": [],
          "private": "eyJlMmJmYjczMC1lY2FhLTExZTYtOGY4OC0zNDM2M2JjN2M0YzAiOnsiY3JlYXRlIjozNjAwMDAwMDAwMDAwLCJkZWxldGUiOjM2MDAwMDAwMDAwMDAsInJlYWQiOjMwMDAwMDAwMDAwMCwidXBkYXRlIjozNjAwMDAwMDAwMDAwfSwic2NoZW1hX3ZlcnNpb24iOiIwIn0="
        }
      ]
    }
  ],
  "check_results": null
}
